
Microsoft Visual Studio Solution File, Format Version 12.00
# Visual Studio Version 17
VisualStudioVersion = 17.8.34511.84
MinimumVisualStudioVersion = 10.0.40219.1
Project("{9A19103F-16F7-4668-BE54-9A1E7A4F7556}") = "CryptoScanner.UI", "CryptoScanner.UI\CryptoScanner.UI.csproj", "{013A12C2-D5EC-445E-8884-4AFFD6743224}"
EndProject
Project("{9A19103F-16F7-4668-BE54-9A1E7A4F7556}") = "CryptoScanner.App", "CryptoScanner.App\CryptoScanner.App.csproj", "{025ADAEE-C5CC-410B-8C8B-650B308A179E}"
EndProject
Project("{9A19103F-16F7-4668-BE54-9A1E7A4F7556}") = "CryptoScanner.Data", "CryptoScanner.Data\CryptoScanner.Data.csproj", "{5343E703-DFCC-434C-BB46-D79DF0E6B176}"
EndProject
Project("{FAE04EC0-301F-11D3-BF4B-00C04F79EFBC}") = "CryptoScanner.App", "CryptoScanner.App\CryptoScanner.App.csproj", "{3E8060F3-70BF-4F0B-A465-DC855145EBFE}"
EndProject
Project("{FAE04EC0-301F-11D3-BF4B-00C04F79EFBC}") = "CryptoScanner.Data", "CryptoScanner.Data\CryptoScanner.Data.csproj", "{43C11892-114D-4584-89FE-456E56DA4C7D}"
EndProject
Global
	GlobalSection(SolutionConfigurationPlatforms) = preSolution
		Debug|Any CPU = Debug|Any CPU
		Release|Any CPU = Release|Any CPU
	EndGlobalSection
	GlobalSection(ProjectConfigurationPlatforms) = postSolution
		{013A12C2-D5EC-445E-8884-4AFFD6743224}.Debug|Any CPU.ActiveCfg = Debug|Any CPU
		{013A12C2-D5EC-445E-8884-4AFFD6743224}.Debug|Any CPU.Build.0 = Debug|Any CPU
		{013A12C2-D5EC-445E-8884-4AFFD6743224}.Release|Any CPU.ActiveCfg = Release|Any CPU
		{013A12C2-D5EC-445E-8884-4AFFD6743224}.Release|Any CPU.Build.0 = Release|Any CPU
		{025ADAEE-C5CC-410B-8C8B-650B308A179E}.Debug|Any CPU.ActiveCfg = Debug|Any CPU
		{025ADAEE-C5CC-410B-8C8B-650B308A179E}.Debug|Any CPU.Build.0 = Debug|Any CPU
		{025ADAEE-C5CC-410B-8C8B-650B308A179E}.Release|Any CPU.ActiveCfg = Release|Any CPU
		{025ADAEE-C5CC-410B-8C8B-650B308A179E}.Release|Any CPU.Build.0 = Release|Any CPU
		{5343E703-DFCC-434C-BB46-D79DF0E6B176}.Debug|Any CPU.ActiveCfg = Debug|Any CPU
		{5343E703-DFCC-434C-BB46-D79DF0E6B176}.Debug|Any CPU.Build.0 = Debug|Any CPU
		{5343E703-DFCC-434C-BB46-D79DF0E6B176}.Release|Any CPU.ActiveCfg = Release|Any CPU
		{5343E703-DFCC-434C-BB46-D79DF0E6B176}.Release|Any CPU.Build.0 = Release|Any CPU
	EndGlobalSection
	GlobalSection(SolutionProperties) = preSolution
		HideSolutionNode = FALSE
	EndGlobalSection
	GlobalSection(ExtensibilityGlobals) = postSolution
		SolutionGuid = {F373D522-E629-4B90-B2FE-28605451646E}
	EndGlobalSection
EndGlobal
